{
  "R": {
    "Version": "4.2.3",
    "Repositories": [
      {
        "Name": "CRAN",
        "URL": "https://packagemanager.posit.co/cran/2023-04-20"
      }
    ]
  },
  "Packages": {
    "MASS": {
      "Package": "MASS",
      "Version": "7.3-58.3",
      "Source": "Repository",
      "Repository": "RSPM",
      "Requirements": [
        "R",
        "grDevices",
        "graphics",
        "methods",
        "stats",
        "utils"
      ],
      "Hash": "9586b552d57f5516fe4d25398c1bacd6"
    },
    "Matrix": {
      "Package": "Matrix",
      "Version": "1.5-4",
      "Source": "Repository",
      "Repository": "RSPM",
      "Requirements": [
        "R",
        "graphics",
        "grid",
        "lattice",
        "methods",
        "stats",
        "utils"
      ],
      "Hash": "e779c7d9f35cc364438578f334cffee2"
    },
    "RcppEigen": {
      "Package": "RcppEigen",
      "Version": "0.3.3.9.3",
      "Source": "Repository",
      "Repository": "RSPM",
      "Requirements": [
        "Matrix",
        "R",
        "Rcpp",
        "stats",
        "utils"
      ],
      "Hash": "1e035db628cefb315c571202d70202fe"
    },
    "base64url": {
      "Package": "base64url",
      "Version": "1.4",
      "Source": "Repository",
      "Repository": "RSPM",
      "Requirements": [
        "backports"
      ],
      "Hash": "0c54cf3a08cc0e550fbd64ad33166143"
    },
    "cli": {
      "Package": "cli",
      "Version": "3.6.1",
      "Source": "Repository",
      "Repository": "RSPM",
      "Requirements": [
        "R",
        "utils"
      ],
      "Hash": "89e6d8219950eac806ae0c489052048a"
    },
    "cpp11": {
      "Package": "cpp11",
      "Version": "0.4.3",
      "Source": "Repository",
      "Repository": "RSPM",
      "Hash": "ed588261931ee3be2c700d22e94a29ab"
    },
    "evaluate": {
      "Package": "evaluate",
      "Version": "0.20",
      "Source": "Repository",
      "Repository": "RSPM",
      "Requirements": [
        "R",
        "methods"
      ],
      "Hash": "4b68aa51edd89a0e044a66e75ae3cc6c"
    },
    "fansi": {
      "Package": "fansi",
      "Version": "1.0.4",
      "Source": "Repository",
      "Repository": "RSPM",
      "Requirements": [
        "R",
        "grDevices",
        "utils"
      ],
      "Hash": "1d9e7ad3c8312a192dea7d3db0274fde"
    },
    "furrr": {
      "Package": "furrr",
      "Version": "0.3.1",
      "Source": "Repository",
      "Repository": "RSPM",
      "Requirements": [
        "R",
        "future",
        "globals",
        "lifecycle",
        "purrr",
        "rlang",
        "vctrs"
      ],
      "Hash": "da7a4c32196cb2262a41dd5a25d486ff"
    },
    "future": {
      "Package": "future",
      "Version": "1.32.0",
      "Source": "Repository",
      "Repository": "RSPM",
      "Requirements": [
        "digest",
        "globals",
        "listenv",
        "parallel",
        "parallelly",
        "utils"
      ],
      "Hash": "c68517cf2f78be4ea86e140b8598a4ca"
    },
    "future.callr": {
      "Package": "future.callr",
      "Version": "0.8.1",
      "Source": "Repository",
      "Repository": "RSPM",
      "Requirements": [
        "R",
        "callr",
        "future"
      ],
      "Hash": "e76426c4a99a1798a9376c6fe9070a68"
    },
    "ggforce": {
      "Package": "ggforce",
      "Version": "0.4.1",
      "Source": "Repository",
      "Repository": "RSPM",
      "Requirements": [
        "MASS",
        "R",
        "Rcpp",
        "RcppEigen",
        "cli",
        "ggplot2",
        "grDevices",
        "grid",
        "gtable",
        "lifecycle",
        "polyclip",
        "rlang",
        "scales",
        "stats",
        "systemfonts",
        "tidyselect",
        "tweenr",
        "utils",
        "vctrs",
        "withr"
      ],
      "Hash": "a06503f54e227f79b45a72df2946a2d2"
    },
    "ggraph": {
      "Package": "ggraph",
      "Version": "2.1.0",
      "Source": "Repository",
      "Repository": "RSPM",
      "Requirements": [
        "MASS",
        "R",
        "Rcpp",
        "cli",
        "digest",
        "dplyr",
        "ggforce",
        "ggplot2",
        "ggrepel",
        "graphlayouts",
        "grid",
        "gtable",
        "igraph",
        "lifecycle",
        "rlang",
        "scales",
        "stats",
        "tidygraph",
        "utils",
        "vctrs",
        "viridis",
        "withr"
      ],
      "Hash": "62672fd99df5df5814f442e9cd5ec29b"
    },
    "ggrepel": {
      "Package": "ggrepel",
      "Version": "0.9.3",
      "Source": "Repository",
      "Repository": "RSPM",
      "Requirements": [
        "R",
        "Rcpp",
        "ggplot2",
        "grid",
        "rlang",
        "scales",
        "withr"
      ],
      "Hash": "92edfac53774706b4d6099f3ee6f6306"
    },
    "globals": {
      "Package": "globals",
      "Version": "0.16.2",
      "Source": "Repository",
      "Repository": "RSPM",
      "Requirements": [
        "R",
        "codetools"
      ],
      "Hash": "baa9585ab4ce47a9f4618e671778cc6f"
    },
    "glue": {
      "Package": "glue",
      "Version": "1.6.2",
      "Source": "Repository",
      "Repository": "RSPM",
      "Requirements": [
        "R",
        "methods"
      ],
      "Hash": "4f2596dfb05dac67b9dc558e5c6fba2e"
    },
    "graphlayouts": {
      "Package": "graphlayouts",
      "Version": "0.8.4",
      "Source": "Repository",
      "Repository": "RSPM",
      "Requirements": [
        "R",
        "Rcpp",
        "RcppArmadillo",
        "igraph"
      ],
      "Hash": "1f3bfd26e5a4b89a98f63d25508b1f95"
    },
    "highr": {
      "Package": "highr",
      "Version": "0.10",
      "Source": "Repository",
      "Repository": "RSPM",
      "Requirements": [
        "R",
        "xfun"
      ],
      "Hash": "06230136b2d2b9ba5805e1963fa6e890"
    },
    "igraph": {
      "Package": "igraph",
      "Version": "1.4.2",
      "Source": "Repository",
      "Repository": "RSPM",
      "Requirements": [
        "Matrix",
        "R",
        "cpp11",
        "grDevices",
        "graphics",
        "magrittr",
        "methods",
        "pkgconfig",
        "rlang",
        "stats",
        "utils"
      ],
      "Hash": "3e476b375c746d899fd53a7281d78191"
    },
    "knitr": {
      "Package": "knitr",
      "Version": "1.42",
      "Source": "Repository",
      "Repository": "RSPM",
      "Requirements": [
        "R",
        "evaluate",
        "highr",
        "methods",
        "tools",
        "xfun",
        "yaml"
      ],
      "Hash": "8329a9bcc82943c8069104d4be3ee22d"
    },
    "lattice": {
      "Package": "lattice",
      "Version": "0.21-8",
      "Source": "Repository",
      "Repository": "RSPM",
      "Requirements": [
        "R",
        "grDevices",
        "graphics",
        "grid",
        "stats",
        "utils"
      ],
      "Hash": "0b8a6d63c8770f02a8b5635f3c431e6b"
    },
    "lifecycle": {
      "Package": "lifecycle",
      "Version": "1.0.3",
      "Source": "Repository",
      "Repository": "RSPM",
      "Requirements": [
        "R",
        "cli",
        "glue",
        "rlang"
      ],
      "Hash": "001cecbeac1cff9301bdc3775ee46a86"
    },
    "listenv": {
      "Package": "listenv",
      "Version": "0.9.0",
      "Source": "Repository",
      "Repository": "RSPM",
      "Requirements": [
        "R"
      ],
      "Hash": "4fbd3679ec8ee169ba28d4b1ea7d0e8f"
    },
    "magrittr": {
      "Package": "magrittr",
      "Version": "2.0.3",
      "Source": "Repository",
      "Repository": "RSPM",
      "Requirements": [
        "R"
      ],
      "Hash": "7ce2733a9826b3aeb1775d56fd305472"
    },
    "parallelly": {
      "Package": "parallelly",
      "Version": "1.35.0",
      "Source": "Repository",
      "Repository": "RSPM",
      "Requirements": [
        "parallel",
        "tools",
        "utils"
      ],
      "Hash": "1cf5a54cfc5dcb0b84037acfd93cbca7"
    },
    "patchwork": {
      "Package": "patchwork",
      "Version": "1.1.2",
      "Source": "Repository",
      "Repository": "RSPM",
      "Requirements": [
        "ggplot2",
        "grDevices",
        "graphics",
        "grid",
        "gtable",
        "stats",
        "utils"
      ],
      "Hash": "63b611e9d909a9ed057639d9c3b77152"
    },
    "pillar": {
      "Package": "pillar",
      "Version": "1.9.0",
      "Source": "Repository",
      "Repository": "RSPM",
      "Requirements": [
        "cli",
        "fansi",
        "glue",
        "lifecycle",
        "rlang",
        "utf8",
        "utils",
        "vctrs"
      ],
      "Hash": "15da5a8412f317beeee6175fbc76f4bb"
    },
    "pkgconfig": {
      "Package": "pkgconfig",
      "Version": "2.0.3",
      "Source": "Repository",
      "Repository": "RSPM",
      "Requirements": [
        "utils"
      ],
      "Hash": "01f28d4278f15c76cddbea05899c5d6f"
    },
    "renv": {
      "Package": "renv",
      "Version": "0.17.3",
      "Source": "Repository",
      "Repository": "RSPM",
      "RemoteType": "standard",
      "RemotePkgRef": "renv",
      "RemoteRef": "renv",
      "RemoteRepos": "https://packagemanager.posit.co/cran/__linux__/jammy/2023-04-20",
      "RemotePkgPlatform": "x86_64-pc-linux-gnu-ubuntu-22.04",
      "RemoteSha": "0.17.3",
      "Requirements": [
        "utils"
      ],
      "Hash": "4543b8cd233ae25c6aba8548be9e747e"
    },
    "rlang": {
      "Package": "rlang",
      "Version": "1.1.0",
      "Source": "Repository",
      "Repository": "RSPM",
      "Requirements": [
        "R",
        "utils"
      ],
      "Hash": "dc079ccd156cde8647360f473c1fa718"
    },
    "tarchetypes": {
      "Package": "tarchetypes",
      "Version": "0.7.5",
      "Source": "Repository",
      "Repository": "RSPM",
      "Requirements": [
        "R",
        "digest",
        "dplyr",
        "fs",
        "furrr",
        "future",
        "future.callr",
        "rlang",
        "targets",
        "tibble",
        "tidyselect",
        "utils",
        "vctrs",
        "withr"
      ],
      "Hash": "b059a3d39cececb65eceffc0b33c1061"
    },
    "targets": {
      "Package": "targets",
      "Version": "0.14.3",
      "Source": "Repository",
      "Repository": "RSPM",
      "Requirements": [
        "R",
        "R6",
        "base64url",
        "callr",
        "cli",
        "codetools",
        "data.table",
        "digest",
        "igraph",
        "knitr",
        "rlang",
        "stats",
        "tibble",
        "tidyselect",
        "tools",
        "utils",
        "vctrs",
        "withr",
        "yaml"
      ],
      "Hash": "bf748746ce81f412fb06d30d6a2ddec7"
    },
    "tibble": {
      "Package": "tibble",
      "Version": "3.2.1",
      "Source": "Repository",
      "Repository": "RSPM",
      "Requirements": [
        "R",
        "fansi",
        "lifecycle",
        "magrittr",
        "methods",
        "pillar",
        "pkgconfig",
        "rlang",
        "utils",
        "vctrs"
      ],
      "Hash": "a84e2cc86d07289b3b6f5069df7a004c"
    },
    "tidygraph": {
      "Package": "tidygraph",
      "Version": "1.2.3",
      "Source": "Repository",
      "Repository": "RSPM",
      "Requirements": [
        "R6",
        "cli",
        "cpp11",
        "dplyr",
        "igraph",
        "magrittr",
        "pillar",
        "rlang",
        "stats",
        "tibble",
        "tidyr",
        "tools",
        "utils"
      ],
      "Hash": "0fc97a52b4b32a0b4a3de4c5241348e2"
    },
    "tweenr": {
      "Package": "tweenr",
      "Version": "2.0.2",
      "Source": "Repository",
      "Repository": "RSPM",
      "Requirements": [
        "R",
        "cpp11",
        "farver",
        "magrittr",
        "rlang",
        "vctrs"
      ],
      "Hash": "c16efcef4c72d3bff5e65031f3f1f841"
    },
    "utf8": {
      "Package": "utf8",
      "Version": "1.2.3",
      "Source": "Repository",
      "Repository": "RSPM",
      "Requirements": [
        "R"
      ],
      "Hash": "1fe17157424bb09c48a8b3b550c753bc"
    },
    "vctrs": {
      "Package": "vctrs",
      "Version": "0.6.2",
      "Source": "Repository",
      "Repository": "RSPM",
      "Requirements": [
        "R",
        "cli",
        "glue",
        "lifecycle",
        "rlang"
      ],
      "Hash": "a745bda7aff4734c17294bb41d4e4607"
    },
    "xfun": {
      "Package": "xfun",
      "Version": "0.38",
      "Source": "Repository",
      "Repository": "RSPM",
      "Requirements": [
        "stats",
        "tools"
      ],
      "Hash": "1ed71215d45e85562d3b1b29a068ccec"
    },
    "yaml": {
      "Package": "yaml",
      "Version": "2.3.7",
      "Source": "Repository",
      "Repository": "RSPM",
      "Hash": "0d0056cc5383fbc240ccd0cb584bf436"
    }
  }
}
